// !$*UTF8*$!
{
	archiveVersion = 1;
	classes = {
	};
	objectVersion = 50;
	objects = {

/* Begin PBXBuildFile section */
		8423C19420FE643200A3A2E5 /* GoogleService-Info.plist in Resources */ = {isa = PBXBuildFile; fileRef = 8423C19320FE643000A3A2E5 /* GoogleService-Info.plist */; };
		D25CFC4CB67588907BFF39EF /* Pods_FrontDeskApp.framework in Frameworks */ = {isa = PBXBuildFile; fileRef = 377DC429A061A0E3245ED4C9 /* Pods_FrontDeskApp.framework */; };
		FB97B98A20DC3C4600E33D7D /* OptionsViewController.swift in Sources */ = {isa = PBXBuildFile; fileRef = FB97B98920DC3C4600E33D7D /* OptionsViewController.swift */; };
		FB993A6420DAA27F00BA10B6 /* User.swift in Sources */ = {isa = PBXBuildFile; fileRef = FB993A6320DAA27F00BA10B6 /* User.swift */; };
		FB9C74C620DADECA0058E49D /* Podfile in Resources */ = {isa = PBXBuildFile; fileRef = FB9C74C520DADEC90058E49D /* Podfile */; };
		FB9C74CF20DADF060058E49D /* Package.resolved in Resources */ = {isa = PBXBuildFile; fileRef = FB9C74C720DADF010058E49D /* Package.resolved */; };
		FB9C74D320DADF060058E49D /* README.md in Resources */ = {isa = PBXBuildFile; fileRef = FB9C74CB20DADF030058E49D /* README.md */; };
		FB9C74D420DADF060058E49D /* FrontDeskAppTests in Resources */ = {isa = PBXBuildFile; fileRef = FB9C74CC20DADF030058E49D /* FrontDeskAppTests */; };
		FB9C74D520DADF060058E49D /* Sources in Resources */ = {isa = PBXBuildFile; fileRef = FB9C74CD20DADF040058E49D /* Sources */; };
		FB9C74D620DADF060058E49D /* FrontDeskAppUITests in Resources */ = {isa = PBXBuildFile; fileRef = FB9C74CE20DADF050058E49D /* FrontDeskAppUITests */; };
		FBAC159820F637D300AF1CEC /* AppointmentTableViewController.swift in Sources */ = {isa = PBXBuildFile; fileRef = FBAC159720F637D300AF1CEC /* AppointmentTableViewController.swift */; };
		FBC7357920EAB2920047B935 /* UserDataViewController.swift in Sources */ = {isa = PBXBuildFile; fileRef = FBC7357820EAB2920047B935 /* UserDataViewController.swift */; };
		FBCE798420E11E6A0042C070 /* SignInConfirmViewController.swift in Sources */ = {isa = PBXBuildFile; fileRef = FBCE798320E11E6A0042C070 /* SignInConfirmViewController.swift */; };
		FBDC3E3720D9860300D7928E /* AppDelegate.swift in Sources */ = {isa = PBXBuildFile; fileRef = FBDC3E3620D9860300D7928E /* AppDelegate.swift */; };
		FBDC3E3920D9860300D7928E /* WelcomeViewController.swift in Sources */ = {isa = PBXBuildFile; fileRef = FBDC3E3820D9860300D7928E /* WelcomeViewController.swift */; };
		FBDC3E3C20D9860300D7928E /* Main.storyboard in Resources */ = {isa = PBXBuildFile; fileRef = FBDC3E3A20D9860300D7928E /* Main.storyboard */; };
		FBDC3E3E20D9860400D7928E /* Assets.xcassets in Resources */ = {isa = PBXBuildFile; fileRef = FBDC3E3D20D9860400D7928E /* Assets.xcassets */; };
		FBDC3E4120D9860400D7928E /* LaunchScreen.storyboard in Resources */ = {isa = PBXBuildFile; fileRef = FBDC3E3F20D9860400D7928E /* LaunchScreen.storyboard */; };
		FBDC3E5720D9860400D7928E /* FrontDeskAppUITests.swift in Sources */ = {isa = PBXBuildFile; fileRef = FBDC3E5620D9860400D7928E /* FrontDeskAppUITests.swift */; };
		FBDFC4A320D990DD007B4C18 /* SignInViewController.swift in Sources */ = {isa = PBXBuildFile; fileRef = FBDFC4A220D990DD007B4C18 /* SignInViewController.swift */; };
		FBE4A55A20F388E800AF97B7 /* MessageUI.framework in Frameworks */ = {isa = PBXBuildFile; fileRef = FBE4A55920F388E800AF97B7 /* MessageUI.framework */; };
/* End PBXBuildFile section */

/* Begin PBXContainerItemProxy section */
		FBDC3E4820D9860400D7928E /* PBXContainerItemProxy */ = {
			isa = PBXContainerItemProxy;
			containerPortal = FBDC3E2B20D9860300D7928E /* Project object */;
			proxyType = 1;
			remoteGlobalIDString = FBDC3E3220D9860300D7928E;
			remoteInfo = FrontDeskApp;
		};
		FBDC3E5320D9860400D7928E /* PBXContainerItemProxy */ = {
			isa = PBXContainerItemProxy;
			containerPortal = FBDC3E2B20D9860300D7928E /* Project object */;
			proxyType = 1;
			remoteGlobalIDString = FBDC3E3220D9860300D7928E;
			remoteInfo = FrontDeskApp;
		};
/* End PBXContainerItemProxy section */

/* Begin PBXFileReference section */
		15B0C83C1DDD5EC9061EC877 /* Pods-FrontDeskApp.release.xcconfig */ = {isa = PBXFileReference; includeInIndex = 1; lastKnownFileType = text.xcconfig; name = "Pods-FrontDeskApp.release.xcconfig"; path = "Pods/Target Support Files/Pods-FrontDeskApp/Pods-FrontDeskApp.release.xcconfig"; sourceTree = "<group>"; };
		24EAAF3407D11F52F35A6D3D /* Pods-FrontDeskApp.debug.xcconfig */ = {isa = PBXFileReference; includeInIndex = 1; lastKnownFileType = text.xcconfig; name = "Pods-FrontDeskApp.debug.xcconfig"; path = "Pods/Target Support Files/Pods-FrontDeskApp/Pods-FrontDeskApp.debug.xcconfig"; sourceTree = "<group>"; };
		377DC429A061A0E3245ED4C9 /* Pods_FrontDeskApp.framework */ = {isa = PBXFileReference; explicitFileType = wrapper.framework; includeInIndex = 0; path = Pods_FrontDeskApp.framework; sourceTree = BUILT_PRODUCTS_DIR; };
		8423C19320FE643000A3A2E5 /* GoogleService-Info.plist */ = {isa = PBXFileReference; fileEncoding = 4; lastKnownFileType = text.plist.xml; name = "GoogleService-Info.plist"; path = "../../../../Downloads/GoogleService-Info.plist"; sourceTree = "<group>"; };
		FB97B98920DC3C4600E33D7D /* OptionsViewController.swift */ = {isa = PBXFileReference; lastKnownFileType = sourcecode.swift; path = OptionsViewController.swift; sourceTree = "<group>"; };
		FB993A6320DAA27F00BA10B6 /* User.swift */ = {isa = PBXFileReference; lastKnownFileType = sourcecode.swift; path = User.swift; sourceTree = "<group>"; };
		FB9C74C520DADEC90058E49D /* Podfile */ = {isa = PBXFileReference; fileEncoding = 4; lastKnownFileType = text; path = Podfile; sourceTree = "<group>"; xcLanguageSpecificationIdentifier = xcode.lang.ruby; };
		FB9C74C720DADF010058E49D /* Package.resolved */ = {isa = PBXFileReference; fileEncoding = 4; lastKnownFileType = text; path = Package.resolved; sourceTree = "<group>"; };
		FB9C74CB20DADF030058E49D /* README.md */ = {isa = PBXFileReference; fileEncoding = 4; lastKnownFileType = net.daringfireball.markdown; path = README.md; sourceTree = "<group>"; };
		FB9C74CC20DADF030058E49D /* FrontDeskAppTests */ = {isa = PBXFileReference; lastKnownFileType = folder; path = FrontDeskAppTests; sourceTree = "<group>"; };
		FB9C74CD20DADF040058E49D /* Sources */ = {isa = PBXFileReference; lastKnownFileType = folder; path = Sources; sourceTree = "<group>"; };
		FB9C74CE20DADF050058E49D /* FrontDeskAppUITests */ = {isa = PBXFileReference; lastKnownFileType = folder; path = FrontDeskAppUITests; sourceTree = "<group>"; };
		FB9C74D720DAE93A0058E49D /* FrontDeskApp.entitlements */ = {isa = PBXFileReference; lastKnownFileType = text.plist.entitlements; path = FrontDeskApp.entitlements; sourceTree = "<group>"; };
		FBAC159720F637D300AF1CEC /* AppointmentTableViewController.swift */ = {isa = PBXFileReference; lastKnownFileType = sourcecode.swift; path = AppointmentTableViewController.swift; sourceTree = "<group>"; };
		FBC7357820EAB2920047B935 /* UserDataViewController.swift */ = {isa = PBXFileReference; lastKnownFileType = sourcecode.swift; path = UserDataViewController.swift; sourceTree = "<group>"; };
		FBCE798320E11E6A0042C070 /* SignInConfirmViewController.swift */ = {isa = PBXFileReference; lastKnownFileType = sourcecode.swift; path = SignInConfirmViewController.swift; sourceTree = "<group>"; };
		FBDC3E3320D9860300D7928E /* FrontDeskApp.app */ = {isa = PBXFileReference; explicitFileType = wrapper.application; includeInIndex = 0; path = FrontDeskApp.app; sourceTree = BUILT_PRODUCTS_DIR; };
		FBDC3E3620D9860300D7928E /* AppDelegate.swift */ = {isa = PBXFileReference; lastKnownFileType = sourcecode.swift; path = AppDelegate.swift; sourceTree = "<group>"; };
		FBDC3E3820D9860300D7928E /* WelcomeViewController.swift */ = {isa = PBXFileReference; lastKnownFileType = sourcecode.swift; path = WelcomeViewController.swift; sourceTree = "<group>"; };
		FBDC3E3B20D9860300D7928E /* Base */ = {isa = PBXFileReference; lastKnownFileType = file.storyboard; name = Base; path = Base.lproj/Main.storyboard; sourceTree = "<group>"; };
		FBDC3E3D20D9860400D7928E /* Assets.xcassets */ = {isa = PBXFileReference; lastKnownFileType = folder.assetcatalog; path = Assets.xcassets; sourceTree = "<group>"; };
		FBDC3E4020D9860400D7928E /* Base */ = {isa = PBXFileReference; lastKnownFileType = file.storyboard; name = Base; path = Base.lproj/LaunchScreen.storyboard; sourceTree = "<group>"; };
		FBDC3E4220D9860400D7928E /* Info.plist */ = {isa = PBXFileReference; lastKnownFileType = text.plist.xml; path = Info.plist; sourceTree = "<group>"; };
		FBDC3E4720D9860400D7928E /* FrontDeskAppTests.xctest */ = {isa = PBXFileReference; explicitFileType = wrapper.cfbundle; includeInIndex = 0; path = FrontDeskAppTests.xctest; sourceTree = BUILT_PRODUCTS_DIR; };
		FBDC3E4D20D9860400D7928E /* Info.plist */ = {isa = PBXFileReference; lastKnownFileType = text.plist.xml; path = Info.plist; sourceTree = "<group>"; };
		FBDC3E5220D9860400D7928E /* FrontDeskAppUITests.xctest */ = {isa = PBXFileReference; explicitFileType = wrapper.cfbundle; includeInIndex = 0; path = FrontDeskAppUITests.xctest; sourceTree = BUILT_PRODUCTS_DIR; };
		FBDC3E5620D9860400D7928E /* FrontDeskAppUITests.swift */ = {isa = PBXFileReference; lastKnownFileType = sourcecode.swift; path = FrontDeskAppUITests.swift; sourceTree = "<group>"; };
		FBDC3E5820D9860400D7928E /* Info.plist */ = {isa = PBXFileReference; lastKnownFileType = text.plist.xml; path = Info.plist; sourceTree = "<group>"; };
		FBDFC4A220D990DD007B4C18 /* SignInViewController.swift */ = {isa = PBXFileReference; lastKnownFileType = sourcecode.swift; path = SignInViewController.swift; sourceTree = "<group>"; };
		FBE4A55920F388E800AF97B7 /* MessageUI.framework */ = {isa = PBXFileReference; lastKnownFileType = wrapper.framework; name = MessageUI.framework; path = System/Library/Frameworks/MessageUI.framework; sourceTree = SDKROOT; };
/* End PBXFileReference section */

/* Begin PBXFrameworksBuildPhase section */
		FBDC3E3020D9860300D7928E /* Frameworks */ = {
			isa = PBXFrameworksBuildPhase;
			buildActionMask = 2147483647;
			files = (
				FBE4A55A20F388E800AF97B7 /* MessageUI.framework in Frameworks */,
				D25CFC4CB67588907BFF39EF /* Pods_FrontDeskApp.framework in Frameworks */,
			);
			runOnlyForDeploymentPostprocessing = 0;
		};
		FBDC3E4420D9860400D7928E /* Frameworks */ = {
			isa = PBXFrameworksBuildPhase;
			buildActionMask = 2147483647;
			files = (
			);
			runOnlyForDeploymentPostprocessing = 0;
		};
		FBDC3E4F20D9860400D7928E /* Frameworks */ = {
			isa = PBXFrameworksBuildPhase;
			buildActionMask = 2147483647;
			files = (
			);
			runOnlyForDeploymentPostprocessing = 0;
		};
/* End PBXFrameworksBuildPhase section */

/* Begin PBXGroup section */
		0EA45DBA6C7CB0F16A009810 /* Pods */ = {
			isa = PBXGroup;
			children = (
				24EAAF3407D11F52F35A6D3D /* Pods-FrontDeskApp.debug.xcconfig */,
				15B0C83C1DDD5EC9061EC877 /* Pods-FrontDeskApp.release.xcconfig */,
			);
			name = Pods;
			sourceTree = "<group>";
		};
		8D7EA089A49D752A67BB9AA8 /* Frameworks */ = {
			isa = PBXGroup;
			children = (
				FBE4A55920F388E800AF97B7 /* MessageUI.framework */,
				377DC429A061A0E3245ED4C9 /* Pods_FrontDeskApp.framework */,
			);
			name = Frameworks;
			sourceTree = "<group>";
		};
		FBDC3E2A20D9860300D7928E = {
			isa = PBXGroup;
			children = (
				FB9C74C520DADEC90058E49D /* Podfile */,
				FBDC3E3520D9860300D7928E /* FrontDeskApp */,
				FBDC3E4A20D9860400D7928E /* FrontDeskAppTests */,
				FBDC3E5520D9860400D7928E /* FrontDeskAppUITests */,
				FB9C74CC20DADF030058E49D /* FrontDeskAppTests */,
				FB9C74CE20DADF050058E49D /* FrontDeskAppUITests */,
				FB9C74C720DADF010058E49D /* Package.resolved */,
				FB9C74CB20DADF030058E49D /* README.md */,
				FB9C74CD20DADF040058E49D /* Sources */,
				FBDC3E3420D9860300D7928E /* Products */,
				0EA45DBA6C7CB0F16A009810 /* Pods */,
				8D7EA089A49D752A67BB9AA8 /* Frameworks */,
			);
			sourceTree = "<group>";
		};
		FBDC3E3420D9860300D7928E /* Products */ = {
			isa = PBXGroup;
			children = (
				FBDC3E3320D9860300D7928E /* FrontDeskApp.app */,
				FBDC3E4720D9860400D7928E /* FrontDeskAppTests.xctest */,
				FBDC3E5220D9860400D7928E /* FrontDeskAppUITests.xctest */,
			);
			name = Products;
			sourceTree = "<group>";
		};
		FBDC3E3520D9860300D7928E /* FrontDeskApp */ = {
			isa = PBXGroup;
			children = (
				8423C19320FE643000A3A2E5 /* GoogleService-Info.plist */,
				FB9C74D720DAE93A0058E49D /* FrontDeskApp.entitlements */,
				FBDC3E3620D9860300D7928E /* AppDelegate.swift */,
				FBDC3E3820D9860300D7928E /* WelcomeViewController.swift */,
				FBDFC4A220D990DD007B4C18 /* SignInViewController.swift */,
				FBDC3E3A20D9860300D7928E /* Main.storyboard */,
				FB97B98920DC3C4600E33D7D /* OptionsViewController.swift */,
				FBDC3E3D20D9860400D7928E /* Assets.xcassets */,
				FBDC3E3F20D9860400D7928E /* LaunchScreen.storyboard */,
				FBDC3E4220D9860400D7928E /* Info.plist */,
				FB993A6320DAA27F00BA10B6 /* User.swift */,
				FBCE798320E11E6A0042C070 /* SignInConfirmViewController.swift */,
				FBC7357820EAB2920047B935 /* UserDataViewController.swift */,
				FBAC159720F637D300AF1CEC /* AppointmentTableViewController.swift */,
			);
			path = FrontDeskApp;
			sourceTree = "<group>";
		};
		FBDC3E4A20D9860400D7928E /* FrontDeskAppTests */ = {
			isa = PBXGroup;
			children = (
				FBDC3E4D20D9860400D7928E /* Info.plist */,
			);
			path = FrontDeskAppTests;
			sourceTree = "<group>";
		};
		FBDC3E5520D9860400D7928E /* FrontDeskAppUITests */ = {
			isa = PBXGroup;
			children = (
				FBDC3E5620D9860400D7928E /* FrontDeskAppUITests.swift */,
				FBDC3E5820D9860400D7928E /* Info.plist */,
			);
			path = FrontDeskAppUITests;
			sourceTree = "<group>";
		};
/* End PBXGroup section */

/* Begin PBXNativeTarget section */
		FBDC3E3220D9860300D7928E /* FrontDeskApp */ = {
			isa = PBXNativeTarget;
			buildConfigurationList = FBDC3E5B20D9860400D7928E /* Build configuration list for PBXNativeTarget "FrontDeskApp" */;
			buildPhases = (
				E68D273CAB9E30A429B12444 /* [CP] Check Pods Manifest.lock */,
				FBDC3E2F20D9860300D7928E /* Sources */,
				FBDC3E3020D9860300D7928E /* Frameworks */,
				FBDC3E3120D9860300D7928E /* Resources */,
				097A914900D1178F50F79D2B /* [CP] Embed Pods Frameworks */,
			);
			buildRules = (
			);
			dependencies = (
			);
			name = FrontDeskApp;
			productName = FrontDeskApp;
			productReference = FBDC3E3320D9860300D7928E /* FrontDeskApp.app */;
			productType = "com.apple.product-type.application";
		};
		FBDC3E4620D9860400D7928E /* FrontDeskAppTests */ = {
			isa = PBXNativeTarget;
			buildConfigurationList = FBDC3E5E20D9860400D7928E /* Build configuration list for PBXNativeTarget "FrontDeskAppTests" */;
			buildPhases = (
				FBDC3E4320D9860400D7928E /* Sources */,
				FBDC3E4420D9860400D7928E /* Frameworks */,
				FBDC3E4520D9860400D7928E /* Resources */,
			);
			buildRules = (
			);
			dependencies = (
				FBDC3E4920D9860400D7928E /* PBXTargetDependency */,
			);
			name = FrontDeskAppTests;
			productName = FrontDeskAppTests;
			productReference = FBDC3E4720D9860400D7928E /* FrontDeskAppTests.xctest */;
			productType = "com.apple.product-type.bundle.unit-test";
		};
		FBDC3E5120D9860400D7928E /* FrontDeskAppUITests */ = {
			isa = PBXNativeTarget;
			buildConfigurationList = FBDC3E6120D9860400D7928E /* Build configuration list for PBXNativeTarget "FrontDeskAppUITests" */;
			buildPhases = (
				FBDC3E4E20D9860400D7928E /* Sources */,
				FBDC3E4F20D9860400D7928E /* Frameworks */,
				FBDC3E5020D9860400D7928E /* Resources */,
			);
			buildRules = (
			);
			dependencies = (
				FBDC3E5420D9860400D7928E /* PBXTargetDependency */,
			);
			name = FrontDeskAppUITests;
			productName = FrontDeskAppUITests;
			productReference = FBDC3E5220D9860400D7928E /* FrontDeskAppUITests.xctest */;
			productType = "com.apple.product-type.bundle.ui-testing";
		};
/* End PBXNativeTarget section */

/* Begin PBXProject section */
		FBDC3E2B20D9860300D7928E /* Project object */ = {
			isa = PBXProject;
			attributes = {
				LastSwiftUpdateCheck = 0940;
				LastUpgradeCheck = 0940;
				ORGANIZATIONNAME = "Jonathan Myer";
				TargetAttributes = {
					FBDC3E3220D9860300D7928E = {
						CreatedOnToolsVersion = 9.4.1;
						SystemCapabilities = {
							com.apple.Keychain = {
								enabled = 0;
							};
						};
					};
					FBDC3E4620D9860400D7928E = {
						CreatedOnToolsVersion = 9.4.1;
						TestTargetID = FBDC3E3220D9860300D7928E;
					};
					FBDC3E5120D9860400D7928E = {
						CreatedOnToolsVersion = 9.4.1;
						TestTargetID = FBDC3E3220D9860300D7928E;
					};
				};
			};
			buildConfigurationList = FBDC3E2E20D9860300D7928E /* Build configuration list for PBXProject "FrontDeskApp" */;
			compatibilityVersion = "Xcode 9.3";
			developmentRegion = en;
			hasScannedForEncodings = 0;
			knownRegions = (
				en,
				Base,
			);
			mainGroup = FBDC3E2A20D9860300D7928E;
			productRefGroup = FBDC3E3420D9860300D7928E /* Products */;
			projectDirPath = "";
			projectRoot = "";
			targets = (
				FBDC3E3220D9860300D7928E /* FrontDeskApp */,
				FBDC3E4620D9860400D7928E /* FrontDeskAppTests */,
				FBDC3E5120D9860400D7928E /* FrontDeskAppUITests */,
			);
		};
/* End PBXProject section */

/* Begin PBXResourcesBuildPhase section */
		FBDC3E3120D9860300D7928E /* Resources */ = {
			isa = PBXResourcesBuildPhase;
			buildActionMask = 2147483647;
			files = (
				FBDC3E4120D9860400D7928E /* LaunchScreen.storyboard in Resources */,
				FB9C74D620DADF060058E49D /* FrontDeskAppUITests in Resources */,
				FB9C74CF20DADF060058E49D /* Package.resolved in Resources */,
				FBDC3E3E20D9860400D7928E /* Assets.xcassets in Resources */,
				8423C19420FE643200A3A2E5 /* GoogleService-Info.plist in Resources */,
				FB9C74C620DADECA0058E49D /* Podfile in Resources */,
				FB9C74D320DADF060058E49D /* README.md in Resources */,
				FB9C74D420DADF060058E49D /* FrontDeskAppTests in Resources */,
				FBDC3E3C20D9860300D7928E /* Main.storyboard in Resources */,
				FB9C74D520DADF060058E49D /* Sources in Resources */,
			);
			runOnlyForDeploymentPostprocessing = 0;
		};
		FBDC3E4520D9860400D7928E /* Resources */ = {
			isa = PBXResourcesBuildPhase;
			buildActionMask = 2147483647;
			files = (
			);
			runOnlyForDeploymentPostprocessing = 0;
		};
		FBDC3E5020D9860400D7928E /* Resources */ = {
			isa = PBXResourcesBuildPhase;
			buildActionMask = 2147483647;
			files = (
			);
			runOnlyForDeploymentPostprocessing = 0;
		};
/* End PBXResourcesBuildPhase section */

/* Begin PBXShellScriptBuildPhase section */
		097A914900D1178F50F79D2B /* [CP] Embed Pods Frameworks */ = {
			isa = PBXShellScriptBuildPhase;
			buildActionMask = 2147483647;
			files = (
			);
			inputPaths = (
				"${SRCROOT}/Pods/Target Support Files/Pods-FrontDeskApp/Pods-FrontDeskApp-frameworks.sh",
				"${BUILT_PRODUCTS_DIR}/GoogleToolboxForMac/GoogleToolboxForMac.framework",
				"${BUILT_PRODUCTS_DIR}/SQLite.swift/SQLite.framework",
				"${BUILT_PRODUCTS_DIR}/leveldb-library/leveldb.framework",
				"${BUILT_PRODUCTS_DIR}/nanopb/nanopb.framework",
			);
			name = "[CP] Embed Pods Frameworks";
			outputPaths = (
				"${TARGET_BUILD_DIR}/${FRAMEWORKS_FOLDER_PATH}/GoogleToolboxForMac.framework",
				"${TARGET_BUILD_DIR}/${FRAMEWORKS_FOLDER_PATH}/SQLite.framework",
				"${TARGET_BUILD_DIR}/${FRAMEWORKS_FOLDER_PATH}/leveldb.framework",
				"${TARGET_BUILD_DIR}/${FRAMEWORKS_FOLDER_PATH}/nanopb.framework",
			);
			runOnlyForDeploymentPostprocessing = 0;
			shellPath = /bin/sh;
			shellScript = "\"${SRCROOT}/Pods/Target Support Files/Pods-FrontDeskApp/Pods-FrontDeskApp-frameworks.sh\"\n";
			showEnvVarsInLog = 0;
		};
		E68D273CAB9E30A429B12444 /* [CP] Check Pods Manifest.lock */ = {
			isa = PBXShellScriptBuildPhase;
			buildActionMask = 2147483647;
			files = (
			);
			inputPaths = (
				"${PODS_PODFILE_DIR_PATH}/Podfile.lock",
				"${PODS_ROOT}/Manifest.lock",
			);
			name = "[CP] Check Pods Manifest.lock";
			outputPaths = (
				"$(DERIVED_FILE_DIR)/Pods-FrontDeskApp-checkManifestLockResult.txt",
			);
			runOnlyForDeploymentPostprocessing = 0;
			shellPath = /bin/sh;
			shellScript = "diff \"${PODS_PODFILE_DIR_PATH}/Podfile.lock\" \"${PODS_ROOT}/Manifest.lock\" > /dev/null\nif [ $? != 0 ] ; then\n    # print error to STDERR\n    echo \"error: The sandbox is not in sync with the Podfile.lock. Run 'pod install' or update your CocoaPods installation.\" >&2\n    exit 1\nfi\n# This output is used by Xcode 'outputs' to avoid re-running this script phase.\necho \"SUCCESS\" > \"${SCRIPT_OUTPUT_FILE_0}\"\n";
			showEnvVarsInLog = 0;
		};
/* End PBXShellScriptBuildPhase section */

/* Begin PBXSourcesBuildPhase section */
		FBDC3E2F20D9860300D7928E /* Sources */ = {
			isa = PBXSourcesBuildPhase;
			buildActionMask = 2147483647;
			files = (
				FB993A6420DAA27F00BA10B6 /* User.swift in Sources */,
				FBDFC4A320D990DD007B4C18 /* SignInViewController.swift in Sources */,
				FB97B98A20DC3C4600E33D7D /* OptionsViewController.swift in Sources */,
				FBCE798420E11E6A0042C070 /* SignInConfirmViewController.swift in Sources */,
				FBDC3E3920D9860300D7928E /* WelcomeViewController.swift in Sources */,
				FBAC159820F637D300AF1CEC /* AppointmentTableViewController.swift in Sources */,
				FBDC3E3720D9860300D7928E /* AppDelegate.swift in Sources */,
				FBC7357920EAB2920047B935 /* UserDataViewController.swift in Sources */,
			);
			runOnlyForDeploymentPostprocessing = 0;
		};
		FBDC3E4320D9860400D7928E /* Sources */ = {
			isa = PBXSourcesBuildPhase;
			buildActionMask = 2147483647;
			files = (
			);
			runOnlyForDeploymentPostprocessing = 0;
		};
		FBDC3E4E20D9860400D7928E /* Sources */ = {
			isa = PBXSourcesBuildPhase;
			buildActionMask = 2147483647;
			files = (
				FBDC3E5720D9860400D7928E /* FrontDeskAppUITests.swift in Sources */,
			);
			runOnlyForDeploymentPostprocessing = 0;
		};
/* End PBXSourcesBuildPhase section */

/* Begin PBXTargetDependency section */
		FBDC3E4920D9860400D7928E /* PBXTargetDependency */ = {
			isa = PBXTargetDependency;
			target = FBDC3E3220D9860300D7928E /* FrontDeskApp */;
			targetProxy = FBDC3E4820D9860400D7928E /* PBXContainerItemProxy */;
		};
		FBDC3E5420D9860400D7928E /* PBXTargetDependency */ = {
			isa = PBXTargetDependency;
			target = FBDC3E3220D9860300D7928E /* FrontDeskApp */;
			targetProxy = FBDC3E5320D9860400D7928E /* PBXContainerItemProxy */;
		};
/* End PBXTargetDependency section */

/* Begin PBXVariantGroup section */
		FBDC3E3A20D9860300D7928E /* Main.storyboard */ = {
			isa = PBXVariantGroup;
			children = (
				FBDC3E3B20D9860300D7928E /* Base */,
			);
			name = Main.storyboard;
			sourceTree = "<group>";
		};
		FBDC3E3F20D9860400D7928E /* LaunchScreen.storyboard */ = {
			isa = PBXVariantGroup;
			children = (
				FBDC3E4020D9860400D7928E /* Base */,
			);
			name = LaunchScreen.storyboard;
			sourceTree = "<group>";
		};
/* End PBXVariantGroup section */

/* Begin XCBuildConfiguration section */
		FBDC3E5920D9860400D7928E /* Debug */ = {
			isa = XCBuildConfiguration;
			buildSettings = {
				ALWAYS_SEARCH_USER_PATHS = NO;
				CLANG_ANALYZER_NONNULL = YES;
				CLANG_ANALYZER_NUMBER_OBJECT_CONVERSION = YES_AGGRESSIVE;
				CLANG_CXX_LANGUAGE_STANDARD = "gnu++14";
				CLANG_CXX_LIBRARY = "libc++";
				CLANG_ENABLE_MODULES = YES;
				CLANG_ENABLE_OBJC_ARC = YES;
				CLANG_ENABLE_OBJC_WEAK = YES;
				CLANG_WARN_BLOCK_CAPTURE_AUTORELEASING = YES;
				CLANG_WARN_BOOL_CONVERSION = YES;
				CLANG_WARN_COMMA = YES;
				CLANG_WARN_CONSTANT_CONVERSION = YES;
				CLANG_WARN_DEPRECATED_OBJC_IMPLEMENTATIONS = YES;
				CLANG_WARN_DIRECT_OBJC_ISA_USAGE = YES_ERROR;
				CLANG_WARN_DOCUMENTATION_COMMENTS = YES;
				CLANG_WARN_EMPTY_BODY = YES;
				CLANG_WARN_ENUM_CONVERSION = YES;
				CLANG_WARN_INFINITE_RECURSION = YES;
				CLANG_WARN_INT_CONVERSION = YES;
				CLANG_WARN_NON_LITERAL_NULL_CONVERSION = YES;
				CLANG_WARN_OBJC_IMPLICIT_RETAIN_SELF = YES;
				CLANG_WARN_OBJC_LITERAL_CONVERSION = YES;
				CLANG_WARN_OBJC_ROOT_CLASS = YES_ERROR;
				CLANG_WARN_RANGE_LOOP_ANALYSIS = YES;
				CLANG_WARN_STRICT_PROTOTYPES = YES;
				CLANG_WARN_SUSPICIOUS_MOVE = YES;
				CLANG_WARN_UNGUARDED_AVAILABILITY = YES_AGGRESSIVE;
				CLANG_WARN_UNREACHABLE_CODE = YES;
				CLANG_WARN__DUPLICATE_METHOD_MATCH = YES;
				CODE_SIGN_IDENTITY = "iPhone Developer";
				COPY_PHASE_STRIP = NO;
				DEBUG_INFORMATION_FORMAT = dwarf;
				ENABLE_STRICT_OBJC_MSGSEND = YES;
				ENABLE_TESTABILITY = YES;
				GCC_C_LANGUAGE_STANDARD = gnu11;
				GCC_DYNAMIC_NO_PIC = NO;
				GCC_NO_COMMON_BLOCKS = YES;
				GCC_OPTIMIZATION_LEVEL = 0;
				GCC_PREPROCESSOR_DEFINITIONS = (
					"DEBUG=1",
					"$(inherited)",
				);
				GCC_WARN_64_TO_32_BIT_CONVERSION = YES;
				GCC_WARN_ABOUT_RETURN_TYPE = YES_ERROR;
				GCC_WARN_UNDECLARED_SELECTOR = YES;
				GCC_WARN_UNINITIALIZED_AUTOS = YES_AGGRESSIVE;
				GCC_WARN_UNUSED_FUNCTION = YES;
				GCC_WARN_UNUSED_VARIABLE = YES;
				IPHONEOS_DEPLOYMENT_TARGET = 11.4;
				MTL_ENABLE_DEBUG_INFO = YES;
				ONLY_ACTIVE_ARCH = YES;
				SDKROOT = iphoneos;
				SWIFT_ACTIVE_COMPILATION_CONDITIONS = DEBUG;
				SWIFT_OPTIMIZATION_LEVEL = "-Onone";
			};
			name = Debug;
		};
		FBDC3E5A20D9860400D7928E /* Release */ = {
			isa = XCBuildConfiguration;
			buildSettings = {
				ALWAYS_SEARCH_USER_PATHS = NO;
				CLANG_ANALYZER_NONNULL = YES;
				CLANG_ANALYZER_NUMBER_OBJECT_CONVERSION = YES_AGGRESSIVE;
				CLANG_CXX_LANGUAGE_STANDARD = "gnu++14";
				CLANG_CXX_LIBRARY = "libc++";
				CLANG_ENABLE_MODULES = YES;
				CLANG_ENABLE_OBJC_ARC = YES;
				CLANG_ENABLE_OBJC_WEAK = YES;
				CLANG_WARN_BLOCK_CAPTURE_AUTORELEASING = YES;
				CLANG_WARN_BOOL_CONVERSION = YES;
				CLANG_WARN_COMMA = YES;
				CLANG_WARN_CONSTANT_CONVERSION = YES;
				CLANG_WARN_DEPRECATED_OBJC_IMPLEMENTATIONS = YES;
				CLANG_WARN_DIRECT_OBJC_ISA_USAGE = YES_ERROR;
				CLANG_WARN_DOCUMENTATION_COMMENTS = YES;
				CLANG_WARN_EMPTY_BODY = YES;
				CLANG_WARN_ENUM_CONVERSION = YES;
				CLANG_WARN_INFINITE_RECURSION = YES;
				CLANG_WARN_INT_CONVERSION = YES;
				CLANG_WARN_NON_LITERAL_NULL_CONVERSION = YES;
				CLANG_WARN_OBJC_IMPLICIT_RETAIN_SELF = YES;
				CLANG_WARN_OBJC_LITERAL_CONVERSION = YES;
				CLANG_WARN_OBJC_ROOT_CLASS = YES_ERROR;
				CLANG_WARN_RANGE_LOOP_ANALYSIS = YES;
				CLANG_WARN_STRICT_PROTOTYPES = YES;
				CLANG_WARN_SUSPICIOUS_MOVE = YES;
				CLANG_WARN_UNGUARDED_AVAILABILITY = YES_AGGRESSIVE;
				CLANG_WARN_UNREACHABLE_CODE = YES;
				CLANG_WARN__DUPLICATE_METHOD_MATCH = YES;
				CODE_SIGN_IDENTITY = "iPhone Developer";
				COPY_PHASE_STRIP = NO;
				DEBUG_INFORMATION_FORMAT = "dwarf-with-dsym";
				ENABLE_NS_ASSERTIONS = NO;
				ENABLE_STRICT_OBJC_MSGSEND = YES;
				GCC_C_LANGUAGE_STANDARD = gnu11;
				GCC_NO_COMMON_BLOCKS = YES;
				GCC_WARN_64_TO_32_BIT_CONVERSION = YES;
				GCC_WARN_ABOUT_RETURN_TYPE = YES_ERROR;
				GCC_WARN_UNDECLARED_SELECTOR = YES;
				GCC_WARN_UNINITIALIZED_AUTOS = YES_AGGRESSIVE;
				GCC_WARN_UNUSED_FUNCTION = YES;
				GCC_WARN_UNUSED_VARIABLE = YES;
				IPHONEOS_DEPLOYMENT_TARGET = 11.4;
				MTL_ENABLE_DEBUG_INFO = NO;
				SDKROOT = iphoneos;
				SWIFT_COMPILATION_MODE = wholemodule;
				SWIFT_OPTIMIZATION_LEVEL = "-O";
				VALIDATE_PRODUCT = YES;
			};
			name = Release;
		};
		FBDC3E5C20D9860400D7928E /* Debug */ = {
			isa = XCBuildConfiguration;
			baseConfigurationReference = 24EAAF3407D11F52F35A6D3D /* Pods-FrontDeskApp.debug.xcconfig */;
			buildSettings = {
				ALWAYS_EMBED_SWIFT_STANDARD_LIBRARIES = YES;
				ASSETCATALOG_COMPILER_APPICON_NAME = AppIcon;
				CODE_SIGN_STYLE = Automatic;
				DEVELOPMENT_TEAM = 69CD3NWZJ5;
				INFOPLIST_FILE = FrontDeskApp/Info.plist;
				LD_RUNPATH_SEARCH_PATHS = (
					"$(inherited)",
					"@executable_path/Frameworks",
				);
				PRODUCT_BUNDLE_IDENTIFIER = CareerLink.FrontDeskApp;
				PRODUCT_NAME = "$(TARGET_NAME)";
				SWIFT_VERSION = 4.0;
				TARGETED_DEVICE_FAMILY = 2;
			};
			name = Debug;
		};
		FBDC3E5D20D9860400D7928E /* Release */ = {
			isa = XCBuildConfiguration;
			baseConfigurationReference = 15B0C83C1DDD5EC9061EC877 /* Pods-FrontDeskApp.release.xcconfig */;
			buildSettings = {
				ALWAYS_EMBED_SWIFT_STANDARD_LIBRARIES = YES;
				ASSETCATALOG_COMPILER_APPICON_NAME = AppIcon;
				CODE_SIGN_STYLE = Automatic;
				DEVELOPMENT_TEAM = 69CD3NWZJ5;
				INFOPLIST_FILE = FrontDeskApp/Info.plist;
				LD_RUNPATH_SEARCH_PATHS = (
					"$(inherited)",
					"@executable_path/Frameworks",
				);
				PRODUCT_BUNDLE_IDENTIFIER = CareerLink.FrontDeskApp;
				PRODUCT_NAME = "$(TARGET_NAME)";
				SWIFT_VERSION = 4.0;
				TARGETED_DEVICE_FAMILY = 2;
			};
			name = Release;
		};
		FBDC3E5F20D9860400D7928E /* Debug */ = {
			isa = XCBuildConfiguration;
			buildSettings = {
				ALWAYS_EMBED_SWIFT_STANDARD_LIBRARIES = YES;
				BUNDLE_LOADER = "$(TEST_HOST)";
				CODE_SIGN_STYLE = Automatic;
				INFOPLIST_FILE = FrontDeskAppTests/Info.plist;
				LD_RUNPATH_SEARCH_PATHS = (
					"$(inherited)",
					"@executable_path/Frameworks",
					"@loader_path/Frameworks",
				);
				PRODUCT_BUNDLE_IDENTIFIER = CareerLink.FrontDeskAppTests;
				PRODUCT_NAME = "$(TARGET_NAME)";
				SWIFT_VERSION = 4.0;
				TARGETED_DEVICE_FAMILY = "1,2";
				TEST_HOST = "$(BUILT_PRODUCTS_DIR)/FrontDeskApp.app/FrontDeskApp";
			};
			name = Debug;
		};
		FBDC3E6020D9860400D7928E /* Release */ = {
			isa = XCBuildConfiguration;
			buildSettings = {
				ALWAYS_EMBED_SWIFT_STANDARD_LIBRARIES = YES;
				BUNDLE_LOADER = "$(TEST_HOST)";
				CODE_SIGN_STYLE = Automatic;
				INFOPLIST_FILE = FrontDeskAppTests/Info.plist;
				LD_RUNPATH_SEARCH_PATHS = (
					"$(inherited)",
					"@executable_path/Frameworks",
					"@loader_path/Frameworks",
				);
				PRODUCT_BUNDLE_IDENTIFIER = CareerLink.FrontDeskAppTests;
				PRODUCT_NAME = "$(TARGET_NAME)";
				SWIFT_VERSION = 4.0;
				TARGETED_DEVICE_FAMILY = "1,2";
				TEST_HOST = "$(BUILT_PRODUCTS_DIR)/FrontDeskApp.app/FrontDeskApp";
			};
			name = Release;
		};
		FBDC3E6220D9860400D7928E /* Debug */ = {
			isa = XCBuildConfiguration;
			buildSettings = {
				ALWAYS_EMBED_SWIFT_STANDARD_LIBRARIES = YES;
				CODE_SIGN_STYLE = Automatic;
				INFOPLIST_FILE = FrontDeskAppUITests/Info.plist;
				LD_RUNPATH_SEARCH_PATHS = (
					"$(inherited)",
					"@executable_path/Frameworks",
					"@loader_path/Frameworks",
				);
				PRODUCT_BUNDLE_IDENTIFIER = CareerLink.FrontDeskAppUITests;
				PRODUCT_NAME = "$(TARGET_NAME)";
				SWIFT_VERSION = 4.0;
				TARGETED_DEVICE_FAMILY = "1,2";
				TEST_TARGET_NAME = FrontDeskApp;
			};
			name = Debug;
		};
		FBDC3E6320D9860400D7928E /* Release */ = {
			isa = XCBuildConfiguration;
			buildSettings = {
				ALWAYS_EMBED_SWIFT_STANDARD_LIBRARIES = YES;
				CODE_SIGN_STYLE = Automatic;
				INFOPLIST_FILE = FrontDeskAppUITests/Info.plist;
				LD_RUNPATH_SEARCH_PATHS = (
					"$(inherited)",
					"@executable_path/Frameworks",
					"@loader_path/Frameworks",
				);
				PRODUCT_BUNDLE_IDENTIFIER = CareerLink.FrontDeskAppUITests;
				PRODUCT_NAME = "$(TARGET_NAME)";
				SWIFT_VERSION = 4.0;
				TARGETED_DEVICE_FAMILY = "1,2";
				TEST_TARGET_NAME = FrontDeskApp;
			};
			name = Release;
		};
/* End XCBuildConfiguration section */

/* Begin XCConfigurationList section */
		FBDC3E2E20D9860300D7928E /* Build configuration list for PBXProject "FrontDeskApp" */ = {
			isa = XCConfigurationList;
			buildConfigurations = (
				FBDC3E5920D9860400D7928E /* Debug */,
				FBDC3E5A20D9860400D7928E /* Release */,
			);
			defaultConfigurationIsVisible = 0;
			defaultConfigurationName = Release;
		};
		FBDC3E5B20D9860400D7928E /* Build configuration list for PBXNativeTarget "FrontDeskApp" */ = {
			isa = XCConfigurationList;
			buildConfigurations = (
				FBDC3E5C20D9860400D7928E /* Debug */,
				FBDC3E5D20D9860400D7928E /* Release */,
			);
			defaultConfigurationIsVisible = 0;
			defaultConfigurationName = Release;
		};
		FBDC3E5E20D9860400D7928E /* Build configuration list for PBXNativeTarget "FrontDeskAppTests" */ = {
			isa = XCConfigurationList;
			buildConfigurations = (
				FBDC3E5F20D9860400D7928E /* Debug */,
				FBDC3E6020D9860400D7928E /* Release */,
			);
			defaultConfigurationIsVisible = 0;
			defaultConfigurationName = Release;
		};
		FBDC3E6120D9860400D7928E /* Build configuration list for PBXNativeTarget "FrontDeskAppUITests" */ = {
			isa = XCConfigurationList;
			buildConfigurations = (
				FBDC3E6220D9860400D7928E /* Debug */,
				FBDC3E6320D9860400D7928E /* Release */,
			);
			defaultConfigurationIsVisible = 0;
			defaultConfigurationName = Release;
		};
/* End XCConfigurationList section */
	};
	rootObject = FBDC3E2B20D9860300D7928E /* Project object */;
}
